
Microsoft Visual Studio Solution File, Format Version 12.00
# Visual Studio 2012
Project("{FAE04EC0-301F-11D3-BF4B-00C04F79EFBC}") = "SistemaRPG", "SistemaRPG\SistemaRPG.csproj", "{2473811F-11CF-424B-99C5-5A2296637495}"
EndProject
Project("{FAE04EC0-301F-11D3-BF4B-00C04F79EFBC}") = "Login", "Login\Login.csproj", "{15ED89B6-5530-474C-BBCF-67714BC94556}"
EndProject
Global
	GlobalSection(SolutionConfigurationPlatforms) = preSolution
		Debug|Any CPU = Debug|Any CPU
		Release|Any CPU = Release|Any CPU
	EndGlobalSection
	GlobalSection(ProjectConfigurationPlatforms) = postSolution
		{2473811F-11CF-424B-99C5-5A2296637495}.Debug|Any CPU.ActiveCfg = Debug|Any CPU
		{2473811F-11CF-424B-99C5-5A2296637495}.Debug|Any CPU.Build.0 = Debug|Any CPU
		{2473811F-11CF-424B-99C5-5A2296637495}.Release|Any CPU.ActiveCfg = Release|Any CPU
		{2473811F-11CF-424B-99C5-5A2296637495}.Release|Any CPU.Build.0 = Release|Any CPU
		{15ED89B6-5530-474C-BBCF-67714BC94556}.Debug|Any CPU.ActiveCfg = Debug|Any CPU
		{15ED89B6-5530-474C-BBCF-67714BC94556}.Debug|Any CPU.Build.0 = Debug|Any CPU
		{15ED89B6-5530-474C-BBCF-67714BC94556}.Release|Any CPU.ActiveCfg = Release|Any CPU
		{15ED89B6-5530-474C-BBCF-67714BC94556}.Release|Any CPU.Build.0 = Release|Any CPU
	EndGlobalSection
	GlobalSection(SolutionProperties) = preSolution
		HideSolutionNode = FALSE
	EndGlobalSection
EndGlobal
